
Microsoft Visual Studio Solution File, Format Version 12.00
# Visual Studio Version 16
VisualStudioVersion = 16.0.28803.452
MinimumVisualStudioVersion = 10.0.40219.1
Project("{FAE04EC0-301F-11D3-BF4B-00C04F79EFBC}") = "FrugalInnovation_WebApp", "FrugalInnovation_WebApp\FrugalInnovation_WebApp.csproj", "{AB53F508-6319-4AAD-81C4-CCDDE3B4F96D}"
EndProject
Global
	GlobalSection(SolutionConfigurationPlatforms) = preSolution
		Debug|Any CPU = Debug|Any CPU
		Release|Any CPU = Release|Any CPU
	EndGlobalSection
	GlobalSection(ProjectConfigurationPlatforms) = postSolution
		{AB53F508-6319-4AAD-81C4-CCDDE3B4F96D}.Debug|Any CPU.ActiveCfg = Debug|Any CPU
		{AB53F508-6319-4AAD-81C4-CCDDE3B4F96D}.Debug|Any CPU.Build.0 = Debug|Any CPU
		{AB53F508-6319-4AAD-81C4-CCDDE3B4F96D}.Release|Any CPU.ActiveCfg = Release|Any CPU
		{AB53F508-6319-4AAD-81C4-CCDDE3B4F96D}.Release|Any CPU.Build.0 = Release|Any CPU
	EndGlobalSection
	GlobalSection(SolutionProperties) = preSolution
		HideSolutionNode = FALSE
	EndGlobalSection
	GlobalSection(ExtensibilityGlobals) = postSolution
		SolutionGuid = {ACD0E590-8C67-4A2D-B380-2006C3313C2C}
	EndGlobalSection
EndGlobal
